
Microsoft Visual Studio Solution File, Format Version 12.00
# Visual Studio Version 17
VisualStudioVersion = 17.2.32602.215
MinimumVisualStudioVersion = 10.0.40219.1
Project("{FAE04EC0-301F-11D3-BF4B-00C04F79EFBC}") = "UserMaintenace", "UserMaintenace\UserMaintenace.csproj", "{AE9B8DE2-AAD9-4EE8-B255-327F7C4F9C72}"
EndProject
Global
	GlobalSection(SolutionConfigurationPlatforms) = preSolution
		Debug|Any CPU = Debug|Any CPU
		Release|Any CPU = Release|Any CPU
	EndGlobalSection
	GlobalSection(ProjectConfigurationPlatforms) = postSolution
		{AE9B8DE2-AAD9-4EE8-B255-327F7C4F9C72}.Debug|Any CPU.ActiveCfg = Debug|Any CPU
		{AE9B8DE2-AAD9-4EE8-B255-327F7C4F9C72}.Debug|Any CPU.Build.0 = Debug|Any CPU
		{AE9B8DE2-AAD9-4EE8-B255-327F7C4F9C72}.Release|Any CPU.ActiveCfg = Release|Any CPU
		{AE9B8DE2-AAD9-4EE8-B255-327F7C4F9C72}.Release|Any CPU.Build.0 = Release|Any CPU
	EndGlobalSection
	GlobalSection(SolutionProperties) = preSolution
		HideSolutionNode = FALSE
	EndGlobalSection
	GlobalSection(ExtensibilityGlobals) = postSolution
		SolutionGuid = {8750A53B-FBEC-4A2B-BBD0-21CDFE2EE965}
	EndGlobalSection
EndGlobal
